
Microsoft Visual Studio Solution File, Format Version 12.00
# Visual Studio Version 16
VisualStudioVersion = 16.0.29411.108
MinimumVisualStudioVersion = 10.0.40219.1
Project("{9A19103F-16F7-4668-BE54-9A1E7A4F7556}") = "TokaBanda", "TokaBanda\TokaBanda.csproj", "{43C54037-4590-4F8D-9A0E-E9F81078BF52}"
EndProject
Global
	GlobalSection(SolutionConfigurationPlatforms) = preSolution
		Debug|Any CPU = Debug|Any CPU
		Release|Any CPU = Release|Any CPU
	EndGlobalSection
	GlobalSection(ProjectConfigurationPlatforms) = postSolution
		{43C54037-4590-4F8D-9A0E-E9F81078BF52}.Debug|Any CPU.ActiveCfg = Debug|Any CPU
		{43C54037-4590-4F8D-9A0E-E9F81078BF52}.Debug|Any CPU.Build.0 = Debug|Any CPU
		{43C54037-4590-4F8D-9A0E-E9F81078BF52}.Release|Any CPU.ActiveCfg = Release|Any CPU
		{43C54037-4590-4F8D-9A0E-E9F81078BF52}.Release|Any CPU.Build.0 = Release|Any CPU
	EndGlobalSection
	GlobalSection(SolutionProperties) = preSolution
		HideSolutionNode = FALSE
	EndGlobalSection
	GlobalSection(ExtensibilityGlobals) = postSolution
		SolutionGuid = {B2024895-52E8-4C97-AB20-C09857A0CE45}
	EndGlobalSection
EndGlobal
